
Microsoft Visual Studio Solution File, Format Version 12.00
# Visual Studio Version 16
VisualStudioVersion = 16.0.29613.14
MinimumVisualStudioVersion = 10.0.40219.1
Project("{8BC9CEB8-8B4A-11D0-8D11-00A0C91BC942}") = "Chapter_8_01", "Chapter_08_01\Chapter_08_01.vcxproj", "{5AF1C446-D587-451F-A5CC-AE4F224B804A}"
EndProject
Project("{8BC9CEB8-8B4A-11D0-8D11-00A0C91BC942}") = "Chapter_8_02", "Chapter_8_02\Chapter_8_02.vcxproj", "{E1B6ACD0-DBEC-491D-934B-536165A9E7BF}"
EndProject
Project("{8BC9CEB8-8B4A-11D0-8D11-00A0C91BC942}") = "Chapter_8_03", "Chapter_8_03\Chapter_8_03.vcxproj", "{B64C8FF8-4A52-4C9B-A595-E2F48E4832FD}"
EndProject
Project("{8BC9CEB8-8B4A-11D0-8D11-00A0C91BC942}") = "Chapter_8_04", "Chapter_8_04\Chapter_8_04.vcxproj", "{91B249A7-3DED-4206-BBD5-B644E5D0E78E}"
EndProject
Project("{8BC9CEB8-8B4A-11D0-8D11-00A0C91BC942}") = "Chapter_8_05", "Chapter_8_05\Chapter_8_05.vcxproj", "{4A3EED43-8EFC-451E-8E04-779A7618ABDB}"
EndProject
Project("{8BC9CEB8-8B4A-11D0-8D11-00A0C91BC942}") = "Chapter_8_06", "Chapter_8_06\Chapter_8_06.vcxproj", "{179FC0EC-321D-4DAE-A8E2-CFBB97B9B5EE}"
EndProject
Project("{8BC9CEB8-8B4A-11D0-8D11-00A0C91BC942}") = "Chapter_8_07", "Chapter_8_07\Chapter_8_07.vcxproj", "{31B23C80-A034-4568-99D7-BC091D08E640}"
EndProject
Project("{8BC9CEB8-8B4A-11D0-8D11-00A0C91BC942}") = "Chapter_8_08", "Chapter_8_08\Chapter_8_08.vcxproj", "{CC95B020-5CA3-4B6F-8604-6D1774D6D928}"
EndProject
Project("{8BC9CEB8-8B4A-11D0-8D11-00A0C91BC942}") = "Chapter_8_09", "Chapter_8_09\Chapter_8_09.vcxproj", "{BE879480-A449-41CD-8003-1E6E5D5DE060}"
EndProject
Project("{8BC9CEB8-8B4A-11D0-8D11-00A0C91BC942}") = "Chapter_8_10", "Chapter_8_10\Chapter_8_10.vcxproj", "{C8F7A8B4-4A31-4DA0-947F-1175E6100495}"
EndProject
Project("{8BC9CEB8-8B4A-11D0-8D11-00A0C91BC942}") = "Chapter_8_11", "Chapter_8_11\Chapter_8_11.vcxproj", "{2D7C4FBB-0C00-47AC-90FA-B8CBF27BB9EB}"
EndProject
Project("{8BC9CEB8-8B4A-11D0-8D11-00A0C91BC942}") = "Chapter_8_12", "Chapter_8_12\Chapter_8_12.vcxproj", "{BE22281D-D2B6-480F-9D2D-039C06844D2D}"
EndProject
Project("{8BC9CEB8-8B4A-11D0-8D11-00A0C91BC942}") = "Chapter_8_13", "Chapter_8_13\Chapter_8_13.vcxproj", "{5F26484C-284C-4BE0-95C0-87EBB8386904}"
EndProject
Project("{8BC9CEB8-8B4A-11D0-8D11-00A0C91BC942}") = "Chapter_8_14", "Chapter_8_14\Chapter_8_14.vcxproj", "{01FC8C6D-AB86-4A1D-98B8-2040C31F454F}"
EndProject
Project("{8BC9CEB8-8B4A-11D0-8D11-00A0C91BC942}") = "Chapter_8_1_01", "Chapter_8_1_01\Chapter_8_1_01.vcxproj", "{FEB4D43E-7377-4D91-BFD2-0D164C11B8A6}"
EndProject
Global
	GlobalSection(SolutionConfigurationPlatforms) = preSolution
		Debug|x64 = Debug|x64
		Debug|x86 = Debug|x86
		Release|x64 = Release|x64
		Release|x86 = Release|x86
	EndGlobalSection
	GlobalSection(ProjectConfigurationPlatforms) = postSolution
		{5AF1C446-D587-451F-A5CC-AE4F224B804A}.Debug|x64.ActiveCfg = Debug|x64
		{5AF1C446-D587-451F-A5CC-AE4F224B804A}.Debug|x64.Build.0 = Debug|x64
		{5AF1C446-D587-451F-A5CC-AE4F224B804A}.Debug|x86.ActiveCfg = Debug|Win32
		{5AF1C446-D587-451F-A5CC-AE4F224B804A}.Debug|x86.Build.0 = Debug|Win32
		{5AF1C446-D587-451F-A5CC-AE4F224B804A}.Release|x64.ActiveCfg = Release|x64
		{5AF1C446-D587-451F-A5CC-AE4F224B804A}.Release|x64.Build.0 = Release|x64
		{5AF1C446-D587-451F-A5CC-AE4F224B804A}.Release|x86.ActiveCfg = Release|Win32
		{5AF1C446-D587-451F-A5CC-AE4F224B804A}.Release|x86.Build.0 = Release|Win32
		{E1B6ACD0-DBEC-491D-934B-536165A9E7BF}.Debug|x64.ActiveCfg = Debug|x64
		{E1B6ACD0-DBEC-491D-934B-536165A9E7BF}.Debug|x64.Build.0 = Debug|x64
		{E1B6ACD0-DBEC-491D-934B-536165A9E7BF}.Debug|x86.ActiveCfg = Debug|Win32
		{E1B6ACD0-DBEC-491D-934B-536165A9E7BF}.Debug|x86.Build.0 = Debug|Win32
		{E1B6ACD0-DBEC-491D-934B-536165A9E7BF}.Release|x64.ActiveCfg = Release|x64
		{E1B6ACD0-DBEC-491D-934B-536165A9E7BF}.Release|x64.Build.0 = Release|x64
		{E1B6ACD0-DBEC-491D-934B-536165A9E7BF}.Release|x86.ActiveCfg = Release|Win32
		{E1B6ACD0-DBEC-491D-934B-536165A9E7BF}.Release|x86.Build.0 = Release|Win32
		{B64C8FF8-4A52-4C9B-A595-E2F48E4832FD}.Debug|x64.ActiveCfg = Debug|x64
		{B64C8FF8-4A52-4C9B-A595-E2F48E4832FD}.Debug|x64.Build.0 = Debug|x64
		{B64C8FF8-4A52-4C9B-A595-E2F48E4832FD}.Debug|x86.ActiveCfg = Debug|Win32
		{B64C8FF8-4A52-4C9B-A595-E2F48E4832FD}.Debug|x86.Build.0 = Debug|Win32
		{B64C8FF8-4A52-4C9B-A595-E2F48E4832FD}.Release|x64.ActiveCfg = Release|x64
		{B64C8FF8-4A52-4C9B-A595-E2F48E4832FD}.Release|x64.Build.0 = Release|x64
		{B64C8FF8-4A52-4C9B-A595-E2F48E4832FD}.Release|x86.ActiveCfg = Release|Win32
		{B64C8FF8-4A52-4C9B-A595-E2F48E4832FD}.Release|x86.Build.0 = Release|Win32
		{91B249A7-3DED-4206-BBD5-B644E5D0E78E}.Debug|x64.ActiveCfg = Debug|x64
		{91B249A7-3DED-4206-BBD5-B644E5D0E78E}.Debug|x64.Build.0 = Debug|x64
		{91B249A7-3DED-4206-BBD5-B644E5D0E78E}.Debug|x86.ActiveCfg = Debug|Win32
		{91B249A7-3DED-4206-BBD5-B644E5D0E78E}.Debug|x86.Build.0 = Debug|Win32
		{91B249A7-3DED-4206-BBD5-B644E5D0E78E}.Release|x64.ActiveCfg = Release|x64
		{91B249A7-3DED-4206-BBD5-B644E5D0E78E}.Release|x64.Build.0 = Release|x64
		{91B249A7-3DED-4206-BBD5-B644E5D0E78E}.Release|x86.ActiveCfg = Release|Win32
		{91B249A7-3DED-4206-BBD5-B644E5D0E78E}.Release|x86.Build.0 = Release|Win32
		{4A3EED43-8EFC-451E-8E04-779A7618ABDB}.Debug|x64.ActiveCfg = Debug|x64
		{4A3EED43-8EFC-451E-8E04-779A7618ABDB}.Debug|x64.Build.0 = Debug|x64
		{4A3EED43-8EFC-451E-8E04-779A7618ABDB}.Debug|x86.ActiveCfg = Debug|Win32
		{4A3EED43-8EFC-451E-8E04-779A7618ABDB}.Debug|x86.Build.0 = Debug|Win32
		{4A3EED43-8EFC-451E-8E04-779A7618ABDB}.Release|x64.ActiveCfg = Release|x64
		{4A3EED43-8EFC-451E-8E04-779A7618ABDB}.Release|x64.Build.0 = Release|x64
		{4A3EED43-8EFC-451E-8E04-779A7618ABDB}.Release|x86.ActiveCfg = Release|Win32
		{4A3EED43-8EFC-451E-8E04-779A7618ABDB}.Release|x86.Build.0 = Release|Win32
		{179FC0EC-321D-4DAE-A8E2-CFBB97B9B5EE}.Debug|x64.ActiveCfg = Debug|x64
		{179FC0EC-321D-4DAE-A8E2-CFBB97B9B5EE}.Debug|x64.Build.0 = Debug|x64
		{179FC0EC-321D-4DAE-A8E2-CFBB97B9B5EE}.Debug|x86.ActiveCfg = Debug|Win32
		{179FC0EC-321D-4DAE-A8E2-CFBB97B9B5EE}.Debug|x86.Build.0 = Debug|Win32
		{179FC0EC-321D-4DAE-A8E2-CFBB97B9B5EE}.Release|x64.ActiveCfg = Release|x64
		{179FC0EC-321D-4DAE-A8E2-CFBB97B9B5EE}.Release|x64.Build.0 = Release|x64
		{179FC0EC-321D-4DAE-A8E2-CFBB97B9B5EE}.Release|x86.ActiveCfg = Release|Win32
		{179FC0EC-321D-4DAE-A8E2-CFBB97B9B5EE}.Release|x86.Build.0 = Release|Win32
		{31B23C80-A034-4568-99D7-BC091D08E640}.Debug|x64.ActiveCfg = Debug|x64
		{31B23C80-A034-4568-99D7-BC091D08E640}.Debug|x64.Build.0 = Debug|x64
		{31B23C80-A034-4568-99D7-BC091D08E640}.Debug|x86.ActiveCfg = Debug|Win32
		{31B23C80-A034-4568-99D7-BC091D08E640}.Debug|x86.Build.0 = Debug|Win32
		{31B23C80-A034-4568-99D7-BC091D08E640}.Release|x64.ActiveCfg = Release|x64
		{31B23C80-A034-4568-99D7-BC091D08E640}.Release|x64.Build.0 = Release|x64
		{31B23C80-A034-4568-99D7-BC091D08E640}.Release|x86.ActiveCfg = Release|Win32
		{31B23C80-A034-4568-99D7-BC091D08E640}.Release|x86.Build.0 = Release|Win32
		{CC95B020-5CA3-4B6F-8604-6D1774D6D928}.Debug|x64.ActiveCfg = Debug|x64
		{CC95B020-5CA3-4B6F-8604-6D1774D6D928}.Debug|x64.Build.0 = Debug|x64
		{CC95B020-5CA3-4B6F-8604-6D1774D6D928}.Debug|x86.ActiveCfg = Debug|Win32
		{CC95B020-5CA3-4B6F-8604-6D1774D6D928}.Debug|x86.Build.0 = Debug|Win32
		{CC95B020-5CA3-4B6F-8604-6D1774D6D928}.Release|x64.ActiveCfg = Release|x64
		{CC95B020-5CA3-4B6F-8604-6D1774D6D928}.Release|x64.Build.0 = Release|x64
		{CC95B020-5CA3-4B6F-8604-6D1774D6D928}.Release|x86.ActiveCfg = Release|Win32
		{CC95B020-5CA3-4B6F-8604-6D1774D6D928}.Release|x86.Build.0 = Release|Win32
		{BE879480-A449-41CD-8003-1E6E5D5DE060}.Debug|x64.ActiveCfg = Debug|x64
		{BE879480-A449-41CD-8003-1E6E5D5DE060}.Debug|x64.Build.0 = Debug|x64
		{BE879480-A449-41CD-8003-1E6E5D5DE060}.Debug|x86.ActiveCfg = Debug|Win32
		{BE879480-A449-41CD-8003-1E6E5D5DE060}.Debug|x86.Build.0 = Debug|Win32
		{BE879480-A449-41CD-8003-1E6E5D5DE060}.Release|x64.ActiveCfg = Release|x64
		{BE879480-A449-41CD-8003-1E6E5D5DE060}.Release|x64.Build.0 = Release|x64
		{BE879480-A449-41CD-8003-1E6E5D5DE060}.Release|x86.ActiveCfg = Release|Win32
		{BE879480-A449-41CD-8003-1E6E5D5DE060}.Release|x86.Build.0 = Release|Win32
		{C8F7A8B4-4A31-4DA0-947F-1175E6100495}.Debug|x64.ActiveCfg = Debug|x64
		{C8F7A8B4-4A31-4DA0-947F-1175E6100495}.Debug|x64.Build.0 = Debug|x64
		{C8F7A8B4-4A31-4DA0-947F-1175E6100495}.Debug|x86.ActiveCfg = Debug|Win32
		{C8F7A8B4-4A31-4DA0-947F-1175E6100495}.Debug|x86.Build.0 = Debug|Win32
		{C8F7A8B4-4A31-4DA0-947F-1175E6100495}.Release|x64.ActiveCfg = Release|x64
		{C8F7A8B4-4A31-4DA0-947F-1175E6100495}.Release|x64.Build.0 = Release|x64
		{C8F7A8B4-4A31-4DA0-947F-1175E6100495}.Release|x86.ActiveCfg = Release|Win32
		{C8F7A8B4-4A31-4DA0-947F-1175E6100495}.Release|x86.Build.0 = Release|Win32
		{2D7C4FBB-0C00-47AC-90FA-B8CBF27BB9EB}.Debug|x64.ActiveCfg = Debug|x64
		{2D7C4FBB-0C00-47AC-90FA-B8CBF27BB9EB}.Debug|x64.Build.0 = Debug|x64
		{2D7C4FBB-0C00-47AC-90FA-B8CBF27BB9EB}.Debug|x86.ActiveCfg = Debug|Win32
		{2D7C4FBB-0C00-47AC-90FA-B8CBF27BB9EB}.Debug|x86.Build.0 = Debug|Win32
		{2D7C4FBB-0C00-47AC-90FA-B8CBF27BB9EB}.Release|x64.ActiveCfg = Release|x64
		{2D7C4FBB-0C00-47AC-90FA-B8CBF27BB9EB}.Release|x64.Build.0 = Release|x64
		{2D7C4FBB-0C00-47AC-90FA-B8CBF27BB9EB}.Release|x86.ActiveCfg = Release|Win32
		{2D7C4FBB-0C00-47AC-90FA-B8CBF27BB9EB}.Release|x86.Build.0 = Release|Win32
		{BE22281D-D2B6-480F-9D2D-039C06844D2D}.Debug|x64.ActiveCfg = Debug|x64
		{BE22281D-D2B6-480F-9D2D-039C06844D2D}.Debug|x64.Build.0 = Debug|x64
		{BE22281D-D2B6-480F-9D2D-039C06844D2D}.Debug|x86.ActiveCfg = Debug|Win32
		{BE22281D-D2B6-480F-9D2D-039C06844D2D}.Debug|x86.Build.0 = Debug|Win32
		{BE22281D-D2B6-480F-9D2D-039C06844D2D}.Release|x64.ActiveCfg = Release|x64
		{BE22281D-D2B6-480F-9D2D-039C06844D2D}.Release|x64.Build.0 = Release|x64
		{BE22281D-D2B6-480F-9D2D-039C06844D2D}.Release|x86.ActiveCfg = Release|Win32
		{BE22281D-D2B6-480F-9D2D-039C06844D2D}.Release|x86.Build.0 = Release|Win32
		{5F26484C-284C-4BE0-95C0-87EBB8386904}.Debug|x64.ActiveCfg = Debug|x64
		{5F26484C-284C-4BE0-95C0-87EBB8386904}.Debug|x64.Build.0 = Debug|x64
		{5F26484C-284C-4BE0-95C0-87EBB8386904}.Debug|x86.ActiveCfg = Debug|Win32
		{5F26484C-284C-4BE0-95C0-87EBB8386904}.Debug|x86.Build.0 = Debug|Win32
		{5F26484C-284C-4BE0-95C0-87EBB8386904}.Release|x64.ActiveCfg = Release|x64
		{5F26484C-284C-4BE0-95C0-87EBB8386904}.Release|x64.Build.0 = Release|x64
		{5F26484C-284C-4BE0-95C0-87EBB8386904}.Release|x86.ActiveCfg = Release|Win32
		{5F26484C-284C-4BE0-95C0-87EBB8386904}.Release|x86.Build.0 = Release|Win32
		{01FC8C6D-AB86-4A1D-98B8-2040C31F454F}.Debug|x64.ActiveCfg = Debug|x64
		{01FC8C6D-AB86-4A1D-98B8-2040C31F454F}.Debug|x64.Build.0 = Debug|x64
		{01FC8C6D-AB86-4A1D-98B8-2040C31F454F}.Debug|x86.ActiveCfg = Debug|Win32
		{01FC8C6D-AB86-4A1D-98B8-2040C31F454F}.Debug|x86.Build.0 = Debug|Win32
		{01FC8C6D-AB86-4A1D-98B8-2040C31F454F}.Release|x64.ActiveCfg = Release|x64
		{01FC8C6D-AB86-4A1D-98B8-2040C31F454F}.Release|x64.Build.0 = Release|x64
		{01FC8C6D-AB86-4A1D-98B8-2040C31F454F}.Release|x86.ActiveCfg = Release|Win32
		{01FC8C6D-AB86-4A1D-98B8-2040C31F454F}.Release|x86.Build.0 = Release|Win32
		{FEB4D43E-7377-4D91-BFD2-0D164C11B8A6}.Debug|x64.ActiveCfg = Debug|x64
		{FEB4D43E-7377-4D91-BFD2-0D164C11B8A6}.Debug|x64.Build.0 = Debug|x64
		{FEB4D43E-7377-4D91-BFD2-0D164C11B8A6}.Debug|x86.ActiveCfg = Debug|Win32
		{FEB4D43E-7377-4D91-BFD2-0D164C11B8A6}.Debug|x86.Build.0 = Debug|Win32
		{FEB4D43E-7377-4D91-BFD2-0D164C11B8A6}.Release|x64.ActiveCfg = Release|x64
		{FEB4D43E-7377-4D91-BFD2-0D164C11B8A6}.Release|x64.Build.0 = Release|x64
		{FEB4D43E-7377-4D91-BFD2-0D164C11B8A6}.Release|x86.ActiveCfg = Release|Win32
		{FEB4D43E-7377-4D91-BFD2-0D164C11B8A6}.Release|x86.Build.0 = Release|Win32
	EndGlobalSection
	GlobalSection(SolutionProperties) = preSolution
		HideSolutionNode = FALSE
	EndGlobalSection
	GlobalSection(ExtensibilityGlobals) = postSolution
		SolutionGuid = {CAB4438A-AD6A-477D-899B-A700BFC2F532}
	EndGlobalSection
EndGlobal
