
Microsoft Visual Studio Solution File, Format Version 12.00
# Visual Studio Version 16
VisualStudioVersion = 16.0.31129.286
MinimumVisualStudioVersion = 10.0.40219.1
Project("{8BC9CEB8-8B4A-11D0-8D11-00A0C91BC942}") = "BasisCpp", "BasisCpp.vcxproj", "{F67AE672-AAD2-47EE-B374-5A423657ACCD}"
EndProject
Project("{8BC9CEB8-8B4A-11D0-8D11-00A0C91BC942}") = "BasisCppUnitTesting", "..\BasisCppUnitTesting\BasisCppUnitTesting.vcxproj", "{3F0FC9F0-22FF-4541-8528-85D1AC51FCA0}"
EndProject
Global
	GlobalSection(SolutionConfigurationPlatforms) = preSolution
		Debug|x64 = Debug|x64
		Debug|x86 = Debug|x86
		Release|x64 = Release|x64
		Release|x86 = Release|x86
	EndGlobalSection
	GlobalSection(ProjectConfigurationPlatforms) = postSolution
		{F67AE672-AAD2-47EE-B374-5A423657ACCD}.Debug|x64.ActiveCfg = Debug|x64
		{F67AE672-AAD2-47EE-B374-5A423657ACCD}.Debug|x64.Build.0 = Debug|x64
		{F67AE672-AAD2-47EE-B374-5A423657ACCD}.Debug|x86.ActiveCfg = Debug|Win32
		{F67AE672-AAD2-47EE-B374-5A423657ACCD}.Debug|x86.Build.0 = Debug|Win32
		{F67AE672-AAD2-47EE-B374-5A423657ACCD}.Release|x64.ActiveCfg = Release|x64
		{F67AE672-AAD2-47EE-B374-5A423657ACCD}.Release|x64.Build.0 = Release|x64
		{F67AE672-AAD2-47EE-B374-5A423657ACCD}.Release|x86.ActiveCfg = Release|Win32
		{F67AE672-AAD2-47EE-B374-5A423657ACCD}.Release|x86.Build.0 = Release|Win32
		{3F0FC9F0-22FF-4541-8528-85D1AC51FCA0}.Debug|x64.ActiveCfg = Debug|x64
		{3F0FC9F0-22FF-4541-8528-85D1AC51FCA0}.Debug|x64.Build.0 = Debug|x64
		{3F0FC9F0-22FF-4541-8528-85D1AC51FCA0}.Debug|x86.ActiveCfg = Debug|Win32
		{3F0FC9F0-22FF-4541-8528-85D1AC51FCA0}.Debug|x86.Build.0 = Debug|Win32
		{3F0FC9F0-22FF-4541-8528-85D1AC51FCA0}.Release|x64.ActiveCfg = Release|x64
		{3F0FC9F0-22FF-4541-8528-85D1AC51FCA0}.Release|x64.Build.0 = Release|x64
		{3F0FC9F0-22FF-4541-8528-85D1AC51FCA0}.Release|x86.ActiveCfg = Release|Win32
		{3F0FC9F0-22FF-4541-8528-85D1AC51FCA0}.Release|x86.Build.0 = Release|Win32
	EndGlobalSection
	GlobalSection(SolutionProperties) = preSolution
		HideSolutionNode = FALSE
	EndGlobalSection
	GlobalSection(ExtensibilityGlobals) = postSolution
		SolutionGuid = {3AC96DC8-CDD7-4B2F-9349-50CA25544AFD}
	EndGlobalSection
EndGlobal
