
Microsoft Visual Studio Solution File, Format Version 12.00
# Visual Studio Version 16
VisualStudioVersion = 16.0.29613.14
MinimumVisualStudioVersion = 10.0.40219.1
Project("{8BC9CEB8-8B4A-11D0-8D11-00A0C91BC942}") = "01_Atomic_Thread", "01_Atomic_Thread\01_Atomic_Thread.vcxproj", "{0DF13C0C-0A02-4935-9039-5894672C6728}"
EndProject
Project("{8BC9CEB8-8B4A-11D0-8D11-00A0C91BC942}") = "02_threadCreate", "02_threadCreate\02_threadCreate.vcxproj", "{914A0862-837B-47EF-899D-9B3E566779BC}"
EndProject
Project("{8BC9CEB8-8B4A-11D0-8D11-00A0C91BC942}") = "03_threadLifetime", "03_threadLifetime\03_threadLifetime.vcxproj", "{5D8575E9-736D-48F8-9338-673C4D83BE4C}"
EndProject
Project("{8BC9CEB8-8B4A-11D0-8D11-00A0C91BC942}") = "04_threadArguments", "03_threadArguments\03_threadArguments.vcxproj", "{BB6C9D4F-4BF4-4909-821D-25A9628A62D1}"
EndProject
Project("{8BC9CEB8-8B4A-11D0-8D11-00A0C91BC942}") = "05_threadMethods", "05_threadMethods\05_threadMethods.vcxproj", "{BB62E45F-B3AD-400A-96C0-38001F3DE5E1}"
EndProject
Project("{8BC9CEB8-8B4A-11D0-8D11-00A0C91BC942}") = "06_withoutMutex", "06_withoutMutex\06_withoutMutex.vcxproj", "{F467AE46-B725-4778-A03B-88DFC0950399}"
EndProject
Project("{8BC9CEB8-8B4A-11D0-8D11-00A0C91BC942}") = "07_mutex", "07_mutex\07_mutex.vcxproj", "{D7EE6915-EA44-4D9D-9A19-C39228762436}"
EndProject
Project("{8BC9CEB8-8B4A-11D0-8D11-00A0C91BC942}") = "08_deadlock", "08_deadlock\08_deadlock.vcxproj", "{5D682CCE-15D0-46EE-BBDF-ED866FCA0DDB}"
EndProject
Project("{8BC9CEB8-8B4A-11D0-8D11-00A0C91BC942}") = "09_lockGuard", "09_lockGuard\09_lockGuard.vcxproj", "{1D52AE94-A6B1-41C7-BA5D-78F5AF7D9DDA}"
EndProject
Project("{8BC9CEB8-8B4A-11D0-8D11-00A0C91BC942}") = "11_threadLocal", "10_threadLocal\10_threadLocal.vcxproj", "{F5F5FEC8-6826-405D-B5BF-60168DD03BAD}"
EndProject
Project("{8BC9CEB8-8B4A-11D0-8D11-00A0C91BC942}") = "12_conditionVariable", "11_conditionVariable\11_conditionVariable.vcxproj", "{69C768CE-4BB6-45FD-A7DF-4C2502A5E582}"
EndProject
Project("{8BC9CEB8-8B4A-11D0-8D11-00A0C91BC942}") = "10_callOnce", "08_callOnce\08_callOnce.vcxproj", "{C93357EF-FD4A-41FF-BF2A-6895B4056D05}"
EndProject
Global
	GlobalSection(SolutionConfigurationPlatforms) = preSolution
		Debug|x64 = Debug|x64
		Debug|x86 = Debug|x86
		Release|x64 = Release|x64
		Release|x86 = Release|x86
	EndGlobalSection
	GlobalSection(ProjectConfigurationPlatforms) = postSolution
		{0DF13C0C-0A02-4935-9039-5894672C6728}.Debug|x64.ActiveCfg = Debug|x64
		{0DF13C0C-0A02-4935-9039-5894672C6728}.Debug|x64.Build.0 = Debug|x64
		{0DF13C0C-0A02-4935-9039-5894672C6728}.Debug|x86.ActiveCfg = Debug|Win32
		{0DF13C0C-0A02-4935-9039-5894672C6728}.Debug|x86.Build.0 = Debug|Win32
		{0DF13C0C-0A02-4935-9039-5894672C6728}.Release|x64.ActiveCfg = Release|x64
		{0DF13C0C-0A02-4935-9039-5894672C6728}.Release|x64.Build.0 = Release|x64
		{0DF13C0C-0A02-4935-9039-5894672C6728}.Release|x86.ActiveCfg = Release|Win32
		{0DF13C0C-0A02-4935-9039-5894672C6728}.Release|x86.Build.0 = Release|Win32
		{914A0862-837B-47EF-899D-9B3E566779BC}.Debug|x64.ActiveCfg = Debug|x64
		{914A0862-837B-47EF-899D-9B3E566779BC}.Debug|x64.Build.0 = Debug|x64
		{914A0862-837B-47EF-899D-9B3E566779BC}.Debug|x86.ActiveCfg = Debug|Win32
		{914A0862-837B-47EF-899D-9B3E566779BC}.Debug|x86.Build.0 = Debug|Win32
		{914A0862-837B-47EF-899D-9B3E566779BC}.Release|x64.ActiveCfg = Release|x64
		{914A0862-837B-47EF-899D-9B3E566779BC}.Release|x64.Build.0 = Release|x64
		{914A0862-837B-47EF-899D-9B3E566779BC}.Release|x86.ActiveCfg = Release|Win32
		{914A0862-837B-47EF-899D-9B3E566779BC}.Release|x86.Build.0 = Release|Win32
		{5D8575E9-736D-48F8-9338-673C4D83BE4C}.Debug|x64.ActiveCfg = Debug|x64
		{5D8575E9-736D-48F8-9338-673C4D83BE4C}.Debug|x64.Build.0 = Debug|x64
		{5D8575E9-736D-48F8-9338-673C4D83BE4C}.Debug|x86.ActiveCfg = Debug|Win32
		{5D8575E9-736D-48F8-9338-673C4D83BE4C}.Debug|x86.Build.0 = Debug|Win32
		{5D8575E9-736D-48F8-9338-673C4D83BE4C}.Release|x64.ActiveCfg = Release|x64
		{5D8575E9-736D-48F8-9338-673C4D83BE4C}.Release|x64.Build.0 = Release|x64
		{5D8575E9-736D-48F8-9338-673C4D83BE4C}.Release|x86.ActiveCfg = Release|Win32
		{5D8575E9-736D-48F8-9338-673C4D83BE4C}.Release|x86.Build.0 = Release|Win32
		{BB6C9D4F-4BF4-4909-821D-25A9628A62D1}.Debug|x64.ActiveCfg = Debug|x64
		{BB6C9D4F-4BF4-4909-821D-25A9628A62D1}.Debug|x64.Build.0 = Debug|x64
		{BB6C9D4F-4BF4-4909-821D-25A9628A62D1}.Debug|x86.ActiveCfg = Debug|Win32
		{BB6C9D4F-4BF4-4909-821D-25A9628A62D1}.Debug|x86.Build.0 = Debug|Win32
		{BB6C9D4F-4BF4-4909-821D-25A9628A62D1}.Release|x64.ActiveCfg = Release|x64
		{BB6C9D4F-4BF4-4909-821D-25A9628A62D1}.Release|x64.Build.0 = Release|x64
		{BB6C9D4F-4BF4-4909-821D-25A9628A62D1}.Release|x86.ActiveCfg = Release|Win32
		{BB6C9D4F-4BF4-4909-821D-25A9628A62D1}.Release|x86.Build.0 = Release|Win32
		{BB62E45F-B3AD-400A-96C0-38001F3DE5E1}.Debug|x64.ActiveCfg = Debug|x64
		{BB62E45F-B3AD-400A-96C0-38001F3DE5E1}.Debug|x64.Build.0 = Debug|x64
		{BB62E45F-B3AD-400A-96C0-38001F3DE5E1}.Debug|x86.ActiveCfg = Debug|Win32
		{BB62E45F-B3AD-400A-96C0-38001F3DE5E1}.Debug|x86.Build.0 = Debug|Win32
		{BB62E45F-B3AD-400A-96C0-38001F3DE5E1}.Release|x64.ActiveCfg = Release|x64
		{BB62E45F-B3AD-400A-96C0-38001F3DE5E1}.Release|x64.Build.0 = Release|x64
		{BB62E45F-B3AD-400A-96C0-38001F3DE5E1}.Release|x86.ActiveCfg = Release|Win32
		{BB62E45F-B3AD-400A-96C0-38001F3DE5E1}.Release|x86.Build.0 = Release|Win32
		{F467AE46-B725-4778-A03B-88DFC0950399}.Debug|x64.ActiveCfg = Debug|x64
		{F467AE46-B725-4778-A03B-88DFC0950399}.Debug|x64.Build.0 = Debug|x64
		{F467AE46-B725-4778-A03B-88DFC0950399}.Debug|x86.ActiveCfg = Debug|Win32
		{F467AE46-B725-4778-A03B-88DFC0950399}.Debug|x86.Build.0 = Debug|Win32
		{F467AE46-B725-4778-A03B-88DFC0950399}.Release|x64.ActiveCfg = Release|x64
		{F467AE46-B725-4778-A03B-88DFC0950399}.Release|x64.Build.0 = Release|x64
		{F467AE46-B725-4778-A03B-88DFC0950399}.Release|x86.ActiveCfg = Release|Win32
		{F467AE46-B725-4778-A03B-88DFC0950399}.Release|x86.Build.0 = Release|Win32
		{D7EE6915-EA44-4D9D-9A19-C39228762436}.Debug|x64.ActiveCfg = Debug|x64
		{D7EE6915-EA44-4D9D-9A19-C39228762436}.Debug|x64.Build.0 = Debug|x64
		{D7EE6915-EA44-4D9D-9A19-C39228762436}.Debug|x86.ActiveCfg = Debug|Win32
		{D7EE6915-EA44-4D9D-9A19-C39228762436}.Debug|x86.Build.0 = Debug|Win32
		{D7EE6915-EA44-4D9D-9A19-C39228762436}.Release|x64.ActiveCfg = Release|x64
		{D7EE6915-EA44-4D9D-9A19-C39228762436}.Release|x64.Build.0 = Release|x64
		{D7EE6915-EA44-4D9D-9A19-C39228762436}.Release|x86.ActiveCfg = Release|Win32
		{D7EE6915-EA44-4D9D-9A19-C39228762436}.Release|x86.Build.0 = Release|Win32
		{5D682CCE-15D0-46EE-BBDF-ED866FCA0DDB}.Debug|x64.ActiveCfg = Debug|x64
		{5D682CCE-15D0-46EE-BBDF-ED866FCA0DDB}.Debug|x64.Build.0 = Debug|x64
		{5D682CCE-15D0-46EE-BBDF-ED866FCA0DDB}.Debug|x86.ActiveCfg = Debug|Win32
		{5D682CCE-15D0-46EE-BBDF-ED866FCA0DDB}.Debug|x86.Build.0 = Debug|Win32
		{5D682CCE-15D0-46EE-BBDF-ED866FCA0DDB}.Release|x64.ActiveCfg = Release|x64
		{5D682CCE-15D0-46EE-BBDF-ED866FCA0DDB}.Release|x64.Build.0 = Release|x64
		{5D682CCE-15D0-46EE-BBDF-ED866FCA0DDB}.Release|x86.ActiveCfg = Release|Win32
		{5D682CCE-15D0-46EE-BBDF-ED866FCA0DDB}.Release|x86.Build.0 = Release|Win32
		{1D52AE94-A6B1-41C7-BA5D-78F5AF7D9DDA}.Debug|x64.ActiveCfg = Debug|x64
		{1D52AE94-A6B1-41C7-BA5D-78F5AF7D9DDA}.Debug|x64.Build.0 = Debug|x64
		{1D52AE94-A6B1-41C7-BA5D-78F5AF7D9DDA}.Debug|x86.ActiveCfg = Debug|Win32
		{1D52AE94-A6B1-41C7-BA5D-78F5AF7D9DDA}.Debug|x86.Build.0 = Debug|Win32
		{1D52AE94-A6B1-41C7-BA5D-78F5AF7D9DDA}.Release|x64.ActiveCfg = Release|x64
		{1D52AE94-A6B1-41C7-BA5D-78F5AF7D9DDA}.Release|x64.Build.0 = Release|x64
		{1D52AE94-A6B1-41C7-BA5D-78F5AF7D9DDA}.Release|x86.ActiveCfg = Release|Win32
		{1D52AE94-A6B1-41C7-BA5D-78F5AF7D9DDA}.Release|x86.Build.0 = Release|Win32
		{F5F5FEC8-6826-405D-B5BF-60168DD03BAD}.Debug|x64.ActiveCfg = Debug|x64
		{F5F5FEC8-6826-405D-B5BF-60168DD03BAD}.Debug|x64.Build.0 = Debug|x64
		{F5F5FEC8-6826-405D-B5BF-60168DD03BAD}.Debug|x86.ActiveCfg = Debug|Win32
		{F5F5FEC8-6826-405D-B5BF-60168DD03BAD}.Debug|x86.Build.0 = Debug|Win32
		{F5F5FEC8-6826-405D-B5BF-60168DD03BAD}.Release|x64.ActiveCfg = Release|x64
		{F5F5FEC8-6826-405D-B5BF-60168DD03BAD}.Release|x64.Build.0 = Release|x64
		{F5F5FEC8-6826-405D-B5BF-60168DD03BAD}.Release|x86.ActiveCfg = Release|Win32
		{F5F5FEC8-6826-405D-B5BF-60168DD03BAD}.Release|x86.Build.0 = Release|Win32
		{69C768CE-4BB6-45FD-A7DF-4C2502A5E582}.Debug|x64.ActiveCfg = Debug|x64
		{69C768CE-4BB6-45FD-A7DF-4C2502A5E582}.Debug|x64.Build.0 = Debug|x64
		{69C768CE-4BB6-45FD-A7DF-4C2502A5E582}.Debug|x86.ActiveCfg = Debug|Win32
		{69C768CE-4BB6-45FD-A7DF-4C2502A5E582}.Debug|x86.Build.0 = Debug|Win32
		{69C768CE-4BB6-45FD-A7DF-4C2502A5E582}.Release|x64.ActiveCfg = Release|x64
		{69C768CE-4BB6-45FD-A7DF-4C2502A5E582}.Release|x64.Build.0 = Release|x64
		{69C768CE-4BB6-45FD-A7DF-4C2502A5E582}.Release|x86.ActiveCfg = Release|Win32
		{69C768CE-4BB6-45FD-A7DF-4C2502A5E582}.Release|x86.Build.0 = Release|Win32
		{C93357EF-FD4A-41FF-BF2A-6895B4056D05}.Debug|x64.ActiveCfg = Debug|x64
		{C93357EF-FD4A-41FF-BF2A-6895B4056D05}.Debug|x64.Build.0 = Debug|x64
		{C93357EF-FD4A-41FF-BF2A-6895B4056D05}.Debug|x86.ActiveCfg = Debug|Win32
		{C93357EF-FD4A-41FF-BF2A-6895B4056D05}.Debug|x86.Build.0 = Debug|Win32
		{C93357EF-FD4A-41FF-BF2A-6895B4056D05}.Release|x64.ActiveCfg = Release|x64
		{C93357EF-FD4A-41FF-BF2A-6895B4056D05}.Release|x64.Build.0 = Release|x64
		{C93357EF-FD4A-41FF-BF2A-6895B4056D05}.Release|x86.ActiveCfg = Release|Win32
		{C93357EF-FD4A-41FF-BF2A-6895B4056D05}.Release|x86.Build.0 = Release|Win32
	EndGlobalSection
	GlobalSection(SolutionProperties) = preSolution
		HideSolutionNode = FALSE
	EndGlobalSection
	GlobalSection(ExtensibilityGlobals) = postSolution
		SolutionGuid = {8FF9F387-1EF9-446C-ABCF-CFA28ADE56CC}
	EndGlobalSection
EndGlobal
