
Microsoft Visual Studio Solution File, Format Version 12.00
# Visual Studio Version 16
VisualStudioVersion = 16.0.29613.14
MinimumVisualStudioVersion = 10.0.40219.1
Project("{8BC9CEB8-8B4A-11D0-8D11-00A0C91BC942}") = "minMax", "Utilities\Utilities.vcxproj", "{3B0CAB78-7BB4-4F8B-ACA7-D502A29DA891}"
EndProject
Project("{8BC9CEB8-8B4A-11D0-8D11-00A0C91BC942}") = "forward", "forward\forward.vcxproj", "{4A51674F-E01A-4447-9B35-3185607C703C}"
EndProject
Project("{8BC9CEB8-8B4A-11D0-8D11-00A0C91BC942}") = "swap", "swap\swap.vcxproj", "{24A37334-A036-4EAB-9406-7FAD7345B0EC}"
EndProject
Project("{8BC9CEB8-8B4A-11D0-8D11-00A0C91BC942}") = "bindAndFunction", "bindAndFunction\bindAndFunction.vcxproj", "{315C85C6-E389-4AD2-BF3C-4F6B06626CAD}"
EndProject
Project("{8BC9CEB8-8B4A-11D0-8D11-00A0C91BC942}") = "dispatchTable", "dispatchTable\dispatchTable.vcxproj", "{D7F318CB-88E2-4C4B-95B5-2B78FAE17650}"
EndProject
Project("{8BC9CEB8-8B4A-11D0-8D11-00A0C91BC942}") = "pair", "pair\pair.vcxproj", "{03B1F756-2C00-44A9-AEF5-79CA760A203D}"
EndProject
Project("{8BC9CEB8-8B4A-11D0-8D11-00A0C91BC942}") = "tuple", "tuple\tuple.vcxproj", "{E19222E1-F05A-4EF7-BAA9-DDCAAB508D44}"
EndProject
Project("{8BC9CEB8-8B4A-11D0-8D11-00A0C91BC942}") = "tupleTie", "tupleTie\tupleTie.vcxproj", "{9C19C273-83CF-4914-A826-C863FB8CAB06}"
EndProject
Project("{8BC9CEB8-8B4A-11D0-8D11-00A0C91BC942}") = "referenceWrapperCallable", "referenceWrapperCallable\referenceWrapperCallable.vcxproj", "{CA5CAB4B-5656-47EF-BD91-378381D4AC75}"
EndProject
Project("{8BC9CEB8-8B4A-11D0-8D11-00A0C91BC942}") = "referenceWrapperRefCref", "referenceWrapperRefCref\referenceWrapperRefCref.vcxproj", "{484918E3-736D-4A9B-9B40-637D8CAA2274}"
EndProject
Project("{8BC9CEB8-8B4A-11D0-8D11-00A0C91BC942}") = "uniquePtr", "uniquePtr\uniquePtr.vcxproj", "{609C4801-A22D-40BF-A108-00D459F7DB86}"
EndProject
Project("{8BC9CEB8-8B4A-11D0-8D11-00A0C91BC942}") = "uniquePtrArray", "uniquePtrArray\uniquePtrArray.vcxproj", "{A245F299-C2B1-480A-BACB-78004ACF642F}"
EndProject
Project("{8BC9CEB8-8B4A-11D0-8D11-00A0C91BC942}") = "sharedPtr", "sharedPtr\sharedPtr.vcxproj", "{37F608AB-9518-4ECC-A288-399DF46EDE16}"
EndProject
Project("{8BC9CEB8-8B4A-11D0-8D11-00A0C91BC942}") = "enableShared", "enableShared\enableShared.vcxproj", "{3331048F-6FBE-4141-8A5C-432ABA086A4C}"
EndProject
Project("{8BC9CEB8-8B4A-11D0-8D11-00A0C91BC942}") = "weakPtr", "weakPtr\weakPtr.vcxproj", "{2DF0DB65-5A95-4FF2-8241-FBCF45F4A412}"
EndProject
Project("{8BC9CEB8-8B4A-11D0-8D11-00A0C91BC942}") = "cyclicReference", "cyclicReference\cyclicReference.vcxproj", "{EA14FBB6-6E34-4E1A-A8F2-336811E34705}"
EndProject
Project("{8BC9CEB8-8B4A-11D0-8D11-00A0C91BC942}") = "typeCategories", "typeCategories\typeCategories.vcxproj", "{02EE6D25-3041-45DA-86A1-AB09E33FB6E0}"
EndProject
Project("{8BC9CEB8-8B4A-11D0-8D11-00A0C91BC942}") = "typeTraitsModifications", "typeTraitsModifications\typeTraitsModifications.vcxproj", "{11DC9903-0DEC-4FD2-A1D7-0A75EC11D2C9}"
EndProject
Project("{8BC9CEB8-8B4A-11D0-8D11-00A0C91BC942}") = "performanceMeasurement", "performanceMeasurement\performanceMeasurement.vcxproj", "{974B6A50-D1CB-494F-B05B-FB9B744CC39D}"
EndProject
Project("{8BC9CEB8-8B4A-11D0-8D11-00A0C91BC942}") = "epoch", "epoch\epoch.vcxproj", "{3C09DE05-340B-4A8D-868F-1549E232998B}"
EndProject
Project("{8BC9CEB8-8B4A-11D0-8D11-00A0C91BC942}") = "duration", "duration\duration.vcxproj", "{1103220D-44CA-46E8-9DE2-07B010274384}"
EndProject
Project("{8BC9CEB8-8B4A-11D0-8D11-00A0C91BC942}") = "any", "any\any.vcxproj", "{56F43F6B-AC52-409A-8C15-93F2CD041137}"
EndProject
Project("{8BC9CEB8-8B4A-11D0-8D11-00A0C91BC942}") = "optional", "optional\optional.vcxproj", "{EC64D5CE-3202-4F56-A5DA-1CD663AC326D}"
EndProject
Project("{8BC9CEB8-8B4A-11D0-8D11-00A0C91BC942}") = "variant", "variant\variant.vcxproj", "{0FCE7FD3-C654-45AF-AE9A-48EC62142217}"
EndProject
Project("{8BC9CEB8-8B4A-11D0-8D11-00A0C91BC942}") = "visit", "visit\visit.vcxproj", "{D2C73883-C03D-4A2D-9332-F7C87072D2FA}"
EndProject
Global
	GlobalSection(SolutionConfigurationPlatforms) = preSolution
		Debug|x64 = Debug|x64
		Debug|x86 = Debug|x86
		Release|x64 = Release|x64
		Release|x86 = Release|x86
	EndGlobalSection
	GlobalSection(ProjectConfigurationPlatforms) = postSolution
		{3B0CAB78-7BB4-4F8B-ACA7-D502A29DA891}.Debug|x64.ActiveCfg = Debug|x64
		{3B0CAB78-7BB4-4F8B-ACA7-D502A29DA891}.Debug|x64.Build.0 = Debug|x64
		{3B0CAB78-7BB4-4F8B-ACA7-D502A29DA891}.Debug|x86.ActiveCfg = Debug|Win32
		{3B0CAB78-7BB4-4F8B-ACA7-D502A29DA891}.Debug|x86.Build.0 = Debug|Win32
		{3B0CAB78-7BB4-4F8B-ACA7-D502A29DA891}.Release|x64.ActiveCfg = Release|x64
		{3B0CAB78-7BB4-4F8B-ACA7-D502A29DA891}.Release|x64.Build.0 = Release|x64
		{3B0CAB78-7BB4-4F8B-ACA7-D502A29DA891}.Release|x86.ActiveCfg = Release|Win32
		{3B0CAB78-7BB4-4F8B-ACA7-D502A29DA891}.Release|x86.Build.0 = Release|Win32
		{4A51674F-E01A-4447-9B35-3185607C703C}.Debug|x64.ActiveCfg = Debug|x64
		{4A51674F-E01A-4447-9B35-3185607C703C}.Debug|x64.Build.0 = Debug|x64
		{4A51674F-E01A-4447-9B35-3185607C703C}.Debug|x86.ActiveCfg = Debug|Win32
		{4A51674F-E01A-4447-9B35-3185607C703C}.Debug|x86.Build.0 = Debug|Win32
		{4A51674F-E01A-4447-9B35-3185607C703C}.Release|x64.ActiveCfg = Release|x64
		{4A51674F-E01A-4447-9B35-3185607C703C}.Release|x64.Build.0 = Release|x64
		{4A51674F-E01A-4447-9B35-3185607C703C}.Release|x86.ActiveCfg = Release|Win32
		{4A51674F-E01A-4447-9B35-3185607C703C}.Release|x86.Build.0 = Release|Win32
		{24A37334-A036-4EAB-9406-7FAD7345B0EC}.Debug|x64.ActiveCfg = Debug|x64
		{24A37334-A036-4EAB-9406-7FAD7345B0EC}.Debug|x64.Build.0 = Debug|x64
		{24A37334-A036-4EAB-9406-7FAD7345B0EC}.Debug|x86.ActiveCfg = Debug|Win32
		{24A37334-A036-4EAB-9406-7FAD7345B0EC}.Debug|x86.Build.0 = Debug|Win32
		{24A37334-A036-4EAB-9406-7FAD7345B0EC}.Release|x64.ActiveCfg = Release|x64
		{24A37334-A036-4EAB-9406-7FAD7345B0EC}.Release|x64.Build.0 = Release|x64
		{24A37334-A036-4EAB-9406-7FAD7345B0EC}.Release|x86.ActiveCfg = Release|Win32
		{24A37334-A036-4EAB-9406-7FAD7345B0EC}.Release|x86.Build.0 = Release|Win32
		{315C85C6-E389-4AD2-BF3C-4F6B06626CAD}.Debug|x64.ActiveCfg = Debug|x64
		{315C85C6-E389-4AD2-BF3C-4F6B06626CAD}.Debug|x64.Build.0 = Debug|x64
		{315C85C6-E389-4AD2-BF3C-4F6B06626CAD}.Debug|x86.ActiveCfg = Debug|Win32
		{315C85C6-E389-4AD2-BF3C-4F6B06626CAD}.Debug|x86.Build.0 = Debug|Win32
		{315C85C6-E389-4AD2-BF3C-4F6B06626CAD}.Release|x64.ActiveCfg = Release|x64
		{315C85C6-E389-4AD2-BF3C-4F6B06626CAD}.Release|x64.Build.0 = Release|x64
		{315C85C6-E389-4AD2-BF3C-4F6B06626CAD}.Release|x86.ActiveCfg = Release|Win32
		{315C85C6-E389-4AD2-BF3C-4F6B06626CAD}.Release|x86.Build.0 = Release|Win32
		{D7F318CB-88E2-4C4B-95B5-2B78FAE17650}.Debug|x64.ActiveCfg = Debug|x64
		{D7F318CB-88E2-4C4B-95B5-2B78FAE17650}.Debug|x64.Build.0 = Debug|x64
		{D7F318CB-88E2-4C4B-95B5-2B78FAE17650}.Debug|x86.ActiveCfg = Debug|Win32
		{D7F318CB-88E2-4C4B-95B5-2B78FAE17650}.Debug|x86.Build.0 = Debug|Win32
		{D7F318CB-88E2-4C4B-95B5-2B78FAE17650}.Release|x64.ActiveCfg = Release|x64
		{D7F318CB-88E2-4C4B-95B5-2B78FAE17650}.Release|x64.Build.0 = Release|x64
		{D7F318CB-88E2-4C4B-95B5-2B78FAE17650}.Release|x86.ActiveCfg = Release|Win32
		{D7F318CB-88E2-4C4B-95B5-2B78FAE17650}.Release|x86.Build.0 = Release|Win32
		{03B1F756-2C00-44A9-AEF5-79CA760A203D}.Debug|x64.ActiveCfg = Debug|x64
		{03B1F756-2C00-44A9-AEF5-79CA760A203D}.Debug|x64.Build.0 = Debug|x64
		{03B1F756-2C00-44A9-AEF5-79CA760A203D}.Debug|x86.ActiveCfg = Debug|Win32
		{03B1F756-2C00-44A9-AEF5-79CA760A203D}.Debug|x86.Build.0 = Debug|Win32
		{03B1F756-2C00-44A9-AEF5-79CA760A203D}.Release|x64.ActiveCfg = Release|x64
		{03B1F756-2C00-44A9-AEF5-79CA760A203D}.Release|x64.Build.0 = Release|x64
		{03B1F756-2C00-44A9-AEF5-79CA760A203D}.Release|x86.ActiveCfg = Release|Win32
		{03B1F756-2C00-44A9-AEF5-79CA760A203D}.Release|x86.Build.0 = Release|Win32
		{E19222E1-F05A-4EF7-BAA9-DDCAAB508D44}.Debug|x64.ActiveCfg = Debug|x64
		{E19222E1-F05A-4EF7-BAA9-DDCAAB508D44}.Debug|x64.Build.0 = Debug|x64
		{E19222E1-F05A-4EF7-BAA9-DDCAAB508D44}.Debug|x86.ActiveCfg = Debug|Win32
		{E19222E1-F05A-4EF7-BAA9-DDCAAB508D44}.Debug|x86.Build.0 = Debug|Win32
		{E19222E1-F05A-4EF7-BAA9-DDCAAB508D44}.Release|x64.ActiveCfg = Release|x64
		{E19222E1-F05A-4EF7-BAA9-DDCAAB508D44}.Release|x64.Build.0 = Release|x64
		{E19222E1-F05A-4EF7-BAA9-DDCAAB508D44}.Release|x86.ActiveCfg = Release|Win32
		{E19222E1-F05A-4EF7-BAA9-DDCAAB508D44}.Release|x86.Build.0 = Release|Win32
		{9C19C273-83CF-4914-A826-C863FB8CAB06}.Debug|x64.ActiveCfg = Debug|x64
		{9C19C273-83CF-4914-A826-C863FB8CAB06}.Debug|x64.Build.0 = Debug|x64
		{9C19C273-83CF-4914-A826-C863FB8CAB06}.Debug|x86.ActiveCfg = Debug|Win32
		{9C19C273-83CF-4914-A826-C863FB8CAB06}.Debug|x86.Build.0 = Debug|Win32
		{9C19C273-83CF-4914-A826-C863FB8CAB06}.Release|x64.ActiveCfg = Release|x64
		{9C19C273-83CF-4914-A826-C863FB8CAB06}.Release|x64.Build.0 = Release|x64
		{9C19C273-83CF-4914-A826-C863FB8CAB06}.Release|x86.ActiveCfg = Release|Win32
		{9C19C273-83CF-4914-A826-C863FB8CAB06}.Release|x86.Build.0 = Release|Win32
		{CA5CAB4B-5656-47EF-BD91-378381D4AC75}.Debug|x64.ActiveCfg = Debug|x64
		{CA5CAB4B-5656-47EF-BD91-378381D4AC75}.Debug|x64.Build.0 = Debug|x64
		{CA5CAB4B-5656-47EF-BD91-378381D4AC75}.Debug|x86.ActiveCfg = Debug|Win32
		{CA5CAB4B-5656-47EF-BD91-378381D4AC75}.Debug|x86.Build.0 = Debug|Win32
		{CA5CAB4B-5656-47EF-BD91-378381D4AC75}.Release|x64.ActiveCfg = Release|x64
		{CA5CAB4B-5656-47EF-BD91-378381D4AC75}.Release|x64.Build.0 = Release|x64
		{CA5CAB4B-5656-47EF-BD91-378381D4AC75}.Release|x86.ActiveCfg = Release|Win32
		{CA5CAB4B-5656-47EF-BD91-378381D4AC75}.Release|x86.Build.0 = Release|Win32
		{484918E3-736D-4A9B-9B40-637D8CAA2274}.Debug|x64.ActiveCfg = Debug|x64
		{484918E3-736D-4A9B-9B40-637D8CAA2274}.Debug|x64.Build.0 = Debug|x64
		{484918E3-736D-4A9B-9B40-637D8CAA2274}.Debug|x86.ActiveCfg = Debug|Win32
		{484918E3-736D-4A9B-9B40-637D8CAA2274}.Debug|x86.Build.0 = Debug|Win32
		{484918E3-736D-4A9B-9B40-637D8CAA2274}.Release|x64.ActiveCfg = Release|x64
		{484918E3-736D-4A9B-9B40-637D8CAA2274}.Release|x64.Build.0 = Release|x64
		{484918E3-736D-4A9B-9B40-637D8CAA2274}.Release|x86.ActiveCfg = Release|Win32
		{484918E3-736D-4A9B-9B40-637D8CAA2274}.Release|x86.Build.0 = Release|Win32
		{609C4801-A22D-40BF-A108-00D459F7DB86}.Debug|x64.ActiveCfg = Debug|x64
		{609C4801-A22D-40BF-A108-00D459F7DB86}.Debug|x64.Build.0 = Debug|x64
		{609C4801-A22D-40BF-A108-00D459F7DB86}.Debug|x86.ActiveCfg = Debug|Win32
		{609C4801-A22D-40BF-A108-00D459F7DB86}.Debug|x86.Build.0 = Debug|Win32
		{609C4801-A22D-40BF-A108-00D459F7DB86}.Release|x64.ActiveCfg = Release|x64
		{609C4801-A22D-40BF-A108-00D459F7DB86}.Release|x64.Build.0 = Release|x64
		{609C4801-A22D-40BF-A108-00D459F7DB86}.Release|x86.ActiveCfg = Release|Win32
		{609C4801-A22D-40BF-A108-00D459F7DB86}.Release|x86.Build.0 = Release|Win32
		{A245F299-C2B1-480A-BACB-78004ACF642F}.Debug|x64.ActiveCfg = Debug|x64
		{A245F299-C2B1-480A-BACB-78004ACF642F}.Debug|x64.Build.0 = Debug|x64
		{A245F299-C2B1-480A-BACB-78004ACF642F}.Debug|x86.ActiveCfg = Debug|Win32
		{A245F299-C2B1-480A-BACB-78004ACF642F}.Debug|x86.Build.0 = Debug|Win32
		{A245F299-C2B1-480A-BACB-78004ACF642F}.Release|x64.ActiveCfg = Release|x64
		{A245F299-C2B1-480A-BACB-78004ACF642F}.Release|x64.Build.0 = Release|x64
		{A245F299-C2B1-480A-BACB-78004ACF642F}.Release|x86.ActiveCfg = Release|Win32
		{A245F299-C2B1-480A-BACB-78004ACF642F}.Release|x86.Build.0 = Release|Win32
		{37F608AB-9518-4ECC-A288-399DF46EDE16}.Debug|x64.ActiveCfg = Debug|x64
		{37F608AB-9518-4ECC-A288-399DF46EDE16}.Debug|x64.Build.0 = Debug|x64
		{37F608AB-9518-4ECC-A288-399DF46EDE16}.Debug|x86.ActiveCfg = Debug|Win32
		{37F608AB-9518-4ECC-A288-399DF46EDE16}.Debug|x86.Build.0 = Debug|Win32
		{37F608AB-9518-4ECC-A288-399DF46EDE16}.Release|x64.ActiveCfg = Release|x64
		{37F608AB-9518-4ECC-A288-399DF46EDE16}.Release|x64.Build.0 = Release|x64
		{37F608AB-9518-4ECC-A288-399DF46EDE16}.Release|x86.ActiveCfg = Release|Win32
		{37F608AB-9518-4ECC-A288-399DF46EDE16}.Release|x86.Build.0 = Release|Win32
		{3331048F-6FBE-4141-8A5C-432ABA086A4C}.Debug|x64.ActiveCfg = Debug|x64
		{3331048F-6FBE-4141-8A5C-432ABA086A4C}.Debug|x64.Build.0 = Debug|x64
		{3331048F-6FBE-4141-8A5C-432ABA086A4C}.Debug|x86.ActiveCfg = Debug|Win32
		{3331048F-6FBE-4141-8A5C-432ABA086A4C}.Debug|x86.Build.0 = Debug|Win32
		{3331048F-6FBE-4141-8A5C-432ABA086A4C}.Release|x64.ActiveCfg = Release|x64
		{3331048F-6FBE-4141-8A5C-432ABA086A4C}.Release|x64.Build.0 = Release|x64
		{3331048F-6FBE-4141-8A5C-432ABA086A4C}.Release|x86.ActiveCfg = Release|Win32
		{3331048F-6FBE-4141-8A5C-432ABA086A4C}.Release|x86.Build.0 = Release|Win32
		{2DF0DB65-5A95-4FF2-8241-FBCF45F4A412}.Debug|x64.ActiveCfg = Debug|x64
		{2DF0DB65-5A95-4FF2-8241-FBCF45F4A412}.Debug|x64.Build.0 = Debug|x64
		{2DF0DB65-5A95-4FF2-8241-FBCF45F4A412}.Debug|x86.ActiveCfg = Debug|Win32
		{2DF0DB65-5A95-4FF2-8241-FBCF45F4A412}.Debug|x86.Build.0 = Debug|Win32
		{2DF0DB65-5A95-4FF2-8241-FBCF45F4A412}.Release|x64.ActiveCfg = Release|x64
		{2DF0DB65-5A95-4FF2-8241-FBCF45F4A412}.Release|x64.Build.0 = Release|x64
		{2DF0DB65-5A95-4FF2-8241-FBCF45F4A412}.Release|x86.ActiveCfg = Release|Win32
		{2DF0DB65-5A95-4FF2-8241-FBCF45F4A412}.Release|x86.Build.0 = Release|Win32
		{EA14FBB6-6E34-4E1A-A8F2-336811E34705}.Debug|x64.ActiveCfg = Debug|x64
		{EA14FBB6-6E34-4E1A-A8F2-336811E34705}.Debug|x64.Build.0 = Debug|x64
		{EA14FBB6-6E34-4E1A-A8F2-336811E34705}.Debug|x86.ActiveCfg = Debug|Win32
		{EA14FBB6-6E34-4E1A-A8F2-336811E34705}.Debug|x86.Build.0 = Debug|Win32
		{EA14FBB6-6E34-4E1A-A8F2-336811E34705}.Release|x64.ActiveCfg = Release|x64
		{EA14FBB6-6E34-4E1A-A8F2-336811E34705}.Release|x64.Build.0 = Release|x64
		{EA14FBB6-6E34-4E1A-A8F2-336811E34705}.Release|x86.ActiveCfg = Release|Win32
		{EA14FBB6-6E34-4E1A-A8F2-336811E34705}.Release|x86.Build.0 = Release|Win32
		{02EE6D25-3041-45DA-86A1-AB09E33FB6E0}.Debug|x64.ActiveCfg = Debug|x64
		{02EE6D25-3041-45DA-86A1-AB09E33FB6E0}.Debug|x64.Build.0 = Debug|x64
		{02EE6D25-3041-45DA-86A1-AB09E33FB6E0}.Debug|x86.ActiveCfg = Debug|Win32
		{02EE6D25-3041-45DA-86A1-AB09E33FB6E0}.Debug|x86.Build.0 = Debug|Win32
		{02EE6D25-3041-45DA-86A1-AB09E33FB6E0}.Release|x64.ActiveCfg = Release|x64
		{02EE6D25-3041-45DA-86A1-AB09E33FB6E0}.Release|x64.Build.0 = Release|x64
		{02EE6D25-3041-45DA-86A1-AB09E33FB6E0}.Release|x86.ActiveCfg = Release|Win32
		{02EE6D25-3041-45DA-86A1-AB09E33FB6E0}.Release|x86.Build.0 = Release|Win32
		{11DC9903-0DEC-4FD2-A1D7-0A75EC11D2C9}.Debug|x64.ActiveCfg = Debug|x64
		{11DC9903-0DEC-4FD2-A1D7-0A75EC11D2C9}.Debug|x64.Build.0 = Debug|x64
		{11DC9903-0DEC-4FD2-A1D7-0A75EC11D2C9}.Debug|x86.ActiveCfg = Debug|Win32
		{11DC9903-0DEC-4FD2-A1D7-0A75EC11D2C9}.Debug|x86.Build.0 = Debug|Win32
		{11DC9903-0DEC-4FD2-A1D7-0A75EC11D2C9}.Release|x64.ActiveCfg = Release|x64
		{11DC9903-0DEC-4FD2-A1D7-0A75EC11D2C9}.Release|x64.Build.0 = Release|x64
		{11DC9903-0DEC-4FD2-A1D7-0A75EC11D2C9}.Release|x86.ActiveCfg = Release|Win32
		{11DC9903-0DEC-4FD2-A1D7-0A75EC11D2C9}.Release|x86.Build.0 = Release|Win32
		{974B6A50-D1CB-494F-B05B-FB9B744CC39D}.Debug|x64.ActiveCfg = Debug|x64
		{974B6A50-D1CB-494F-B05B-FB9B744CC39D}.Debug|x64.Build.0 = Debug|x64
		{974B6A50-D1CB-494F-B05B-FB9B744CC39D}.Debug|x86.ActiveCfg = Debug|Win32
		{974B6A50-D1CB-494F-B05B-FB9B744CC39D}.Debug|x86.Build.0 = Debug|Win32
		{974B6A50-D1CB-494F-B05B-FB9B744CC39D}.Release|x64.ActiveCfg = Release|x64
		{974B6A50-D1CB-494F-B05B-FB9B744CC39D}.Release|x64.Build.0 = Release|x64
		{974B6A50-D1CB-494F-B05B-FB9B744CC39D}.Release|x86.ActiveCfg = Release|Win32
		{974B6A50-D1CB-494F-B05B-FB9B744CC39D}.Release|x86.Build.0 = Release|Win32
		{3C09DE05-340B-4A8D-868F-1549E232998B}.Debug|x64.ActiveCfg = Debug|x64
		{3C09DE05-340B-4A8D-868F-1549E232998B}.Debug|x64.Build.0 = Debug|x64
		{3C09DE05-340B-4A8D-868F-1549E232998B}.Debug|x86.ActiveCfg = Debug|Win32
		{3C09DE05-340B-4A8D-868F-1549E232998B}.Debug|x86.Build.0 = Debug|Win32
		{3C09DE05-340B-4A8D-868F-1549E232998B}.Release|x64.ActiveCfg = Release|x64
		{3C09DE05-340B-4A8D-868F-1549E232998B}.Release|x64.Build.0 = Release|x64
		{3C09DE05-340B-4A8D-868F-1549E232998B}.Release|x86.ActiveCfg = Release|Win32
		{3C09DE05-340B-4A8D-868F-1549E232998B}.Release|x86.Build.0 = Release|Win32
		{1103220D-44CA-46E8-9DE2-07B010274384}.Debug|x64.ActiveCfg = Debug|x64
		{1103220D-44CA-46E8-9DE2-07B010274384}.Debug|x64.Build.0 = Debug|x64
		{1103220D-44CA-46E8-9DE2-07B010274384}.Debug|x86.ActiveCfg = Debug|Win32
		{1103220D-44CA-46E8-9DE2-07B010274384}.Debug|x86.Build.0 = Debug|Win32
		{1103220D-44CA-46E8-9DE2-07B010274384}.Release|x64.ActiveCfg = Release|x64
		{1103220D-44CA-46E8-9DE2-07B010274384}.Release|x64.Build.0 = Release|x64
		{1103220D-44CA-46E8-9DE2-07B010274384}.Release|x86.ActiveCfg = Release|Win32
		{1103220D-44CA-46E8-9DE2-07B010274384}.Release|x86.Build.0 = Release|Win32
		{56F43F6B-AC52-409A-8C15-93F2CD041137}.Debug|x64.ActiveCfg = Debug|x64
		{56F43F6B-AC52-409A-8C15-93F2CD041137}.Debug|x64.Build.0 = Debug|x64
		{56F43F6B-AC52-409A-8C15-93F2CD041137}.Debug|x86.ActiveCfg = Debug|Win32
		{56F43F6B-AC52-409A-8C15-93F2CD041137}.Debug|x86.Build.0 = Debug|Win32
		{56F43F6B-AC52-409A-8C15-93F2CD041137}.Release|x64.ActiveCfg = Release|x64
		{56F43F6B-AC52-409A-8C15-93F2CD041137}.Release|x64.Build.0 = Release|x64
		{56F43F6B-AC52-409A-8C15-93F2CD041137}.Release|x86.ActiveCfg = Release|Win32
		{56F43F6B-AC52-409A-8C15-93F2CD041137}.Release|x86.Build.0 = Release|Win32
		{EC64D5CE-3202-4F56-A5DA-1CD663AC326D}.Debug|x64.ActiveCfg = Debug|x64
		{EC64D5CE-3202-4F56-A5DA-1CD663AC326D}.Debug|x64.Build.0 = Debug|x64
		{EC64D5CE-3202-4F56-A5DA-1CD663AC326D}.Debug|x86.ActiveCfg = Debug|Win32
		{EC64D5CE-3202-4F56-A5DA-1CD663AC326D}.Debug|x86.Build.0 = Debug|Win32
		{EC64D5CE-3202-4F56-A5DA-1CD663AC326D}.Release|x64.ActiveCfg = Release|x64
		{EC64D5CE-3202-4F56-A5DA-1CD663AC326D}.Release|x64.Build.0 = Release|x64
		{EC64D5CE-3202-4F56-A5DA-1CD663AC326D}.Release|x86.ActiveCfg = Release|Win32
		{EC64D5CE-3202-4F56-A5DA-1CD663AC326D}.Release|x86.Build.0 = Release|Win32
		{0FCE7FD3-C654-45AF-AE9A-48EC62142217}.Debug|x64.ActiveCfg = Debug|x64
		{0FCE7FD3-C654-45AF-AE9A-48EC62142217}.Debug|x64.Build.0 = Debug|x64
		{0FCE7FD3-C654-45AF-AE9A-48EC62142217}.Debug|x86.ActiveCfg = Debug|Win32
		{0FCE7FD3-C654-45AF-AE9A-48EC62142217}.Debug|x86.Build.0 = Debug|Win32
		{0FCE7FD3-C654-45AF-AE9A-48EC62142217}.Release|x64.ActiveCfg = Release|x64
		{0FCE7FD3-C654-45AF-AE9A-48EC62142217}.Release|x64.Build.0 = Release|x64
		{0FCE7FD3-C654-45AF-AE9A-48EC62142217}.Release|x86.ActiveCfg = Release|Win32
		{0FCE7FD3-C654-45AF-AE9A-48EC62142217}.Release|x86.Build.0 = Release|Win32
		{D2C73883-C03D-4A2D-9332-F7C87072D2FA}.Debug|x64.ActiveCfg = Debug|x64
		{D2C73883-C03D-4A2D-9332-F7C87072D2FA}.Debug|x64.Build.0 = Debug|x64
		{D2C73883-C03D-4A2D-9332-F7C87072D2FA}.Debug|x86.ActiveCfg = Debug|Win32
		{D2C73883-C03D-4A2D-9332-F7C87072D2FA}.Debug|x86.Build.0 = Debug|Win32
		{D2C73883-C03D-4A2D-9332-F7C87072D2FA}.Release|x64.ActiveCfg = Release|x64
		{D2C73883-C03D-4A2D-9332-F7C87072D2FA}.Release|x64.Build.0 = Release|x64
		{D2C73883-C03D-4A2D-9332-F7C87072D2FA}.Release|x86.ActiveCfg = Release|Win32
		{D2C73883-C03D-4A2D-9332-F7C87072D2FA}.Release|x86.Build.0 = Release|Win32
	EndGlobalSection
	GlobalSection(SolutionProperties) = preSolution
		HideSolutionNode = FALSE
	EndGlobalSection
	GlobalSection(ExtensibilityGlobals) = postSolution
		SolutionGuid = {DE77CECF-55A4-46E5-8631-8C65CC18A424}
	EndGlobalSection
EndGlobal
