
Microsoft Visual Studio Solution File, Format Version 12.00
# Visual Studio Version 16
VisualStudioVersion = 16.0.29613.14
MinimumVisualStudioVersion = 10.0.40219.1
Project("{8BC9CEB8-8B4A-11D0-8D11-00A0C91BC942}") = "Chapter03", "Chapter03\Chapter03.vcxproj", "{21137743-6FF4-435D-B348-B21FB08F4771}"
EndProject
Project("{8BC9CEB8-8B4A-11D0-8D11-00A0C91BC942}") = "Chapter04-01", "Chapter04-01\Chapter04-01.vcxproj", "{C171DF4A-E809-4B06-9A0F-4A6F95FAD20D}"
EndProject
Project("{8BC9CEB8-8B4A-11D0-8D11-00A0C91BC942}") = "Chapter04-02", "Chapter04-02\Chapter04-02.vcxproj", "{7D9BA663-404B-488C-A657-D0EA7DEE2CDD}"
EndProject
Project("{8BC9CEB8-8B4A-11D0-8D11-00A0C91BC942}") = "Chapter04-03", "Chapter04-03\Chapter04-03.vcxproj", "{98595079-D478-473D-9BF8-FE71933EACBB}"
EndProject
Global
	GlobalSection(SolutionConfigurationPlatforms) = preSolution
		Debug|x64 = Debug|x64
		Debug|x86 = Debug|x86
		Release|x64 = Release|x64
		Release|x86 = Release|x86
	EndGlobalSection
	GlobalSection(ProjectConfigurationPlatforms) = postSolution
		{21137743-6FF4-435D-B348-B21FB08F4771}.Debug|x64.ActiveCfg = Debug|x64
		{21137743-6FF4-435D-B348-B21FB08F4771}.Debug|x64.Build.0 = Debug|x64
		{21137743-6FF4-435D-B348-B21FB08F4771}.Debug|x86.ActiveCfg = Debug|Win32
		{21137743-6FF4-435D-B348-B21FB08F4771}.Debug|x86.Build.0 = Debug|Win32
		{21137743-6FF4-435D-B348-B21FB08F4771}.Release|x64.ActiveCfg = Release|x64
		{21137743-6FF4-435D-B348-B21FB08F4771}.Release|x64.Build.0 = Release|x64
		{21137743-6FF4-435D-B348-B21FB08F4771}.Release|x86.ActiveCfg = Release|Win32
		{21137743-6FF4-435D-B348-B21FB08F4771}.Release|x86.Build.0 = Release|Win32
		{C171DF4A-E809-4B06-9A0F-4A6F95FAD20D}.Debug|x64.ActiveCfg = Debug|x64
		{C171DF4A-E809-4B06-9A0F-4A6F95FAD20D}.Debug|x64.Build.0 = Debug|x64
		{C171DF4A-E809-4B06-9A0F-4A6F95FAD20D}.Debug|x86.ActiveCfg = Debug|Win32
		{C171DF4A-E809-4B06-9A0F-4A6F95FAD20D}.Debug|x86.Build.0 = Debug|Win32
		{C171DF4A-E809-4B06-9A0F-4A6F95FAD20D}.Release|x64.ActiveCfg = Release|x64
		{C171DF4A-E809-4B06-9A0F-4A6F95FAD20D}.Release|x64.Build.0 = Release|x64
		{C171DF4A-E809-4B06-9A0F-4A6F95FAD20D}.Release|x86.ActiveCfg = Release|Win32
		{C171DF4A-E809-4B06-9A0F-4A6F95FAD20D}.Release|x86.Build.0 = Release|Win32
		{7D9BA663-404B-488C-A657-D0EA7DEE2CDD}.Debug|x64.ActiveCfg = Debug|x64
		{7D9BA663-404B-488C-A657-D0EA7DEE2CDD}.Debug|x64.Build.0 = Debug|x64
		{7D9BA663-404B-488C-A657-D0EA7DEE2CDD}.Debug|x86.ActiveCfg = Debug|Win32
		{7D9BA663-404B-488C-A657-D0EA7DEE2CDD}.Debug|x86.Build.0 = Debug|Win32
		{7D9BA663-404B-488C-A657-D0EA7DEE2CDD}.Release|x64.ActiveCfg = Release|x64
		{7D9BA663-404B-488C-A657-D0EA7DEE2CDD}.Release|x64.Build.0 = Release|x64
		{7D9BA663-404B-488C-A657-D0EA7DEE2CDD}.Release|x86.ActiveCfg = Release|Win32
		{7D9BA663-404B-488C-A657-D0EA7DEE2CDD}.Release|x86.Build.0 = Release|Win32
		{98595079-D478-473D-9BF8-FE71933EACBB}.Debug|x64.ActiveCfg = Debug|x64
		{98595079-D478-473D-9BF8-FE71933EACBB}.Debug|x64.Build.0 = Debug|x64
		{98595079-D478-473D-9BF8-FE71933EACBB}.Debug|x86.ActiveCfg = Debug|Win32
		{98595079-D478-473D-9BF8-FE71933EACBB}.Debug|x86.Build.0 = Debug|Win32
		{98595079-D478-473D-9BF8-FE71933EACBB}.Release|x64.ActiveCfg = Release|x64
		{98595079-D478-473D-9BF8-FE71933EACBB}.Release|x64.Build.0 = Release|x64
		{98595079-D478-473D-9BF8-FE71933EACBB}.Release|x86.ActiveCfg = Release|Win32
		{98595079-D478-473D-9BF8-FE71933EACBB}.Release|x86.Build.0 = Release|Win32
	EndGlobalSection
	GlobalSection(SolutionProperties) = preSolution
		HideSolutionNode = FALSE
	EndGlobalSection
	GlobalSection(ExtensibilityGlobals) = postSolution
		SolutionGuid = {FC17309A-7CF6-4F9A-BC8B-5C448289BFBC}
	EndGlobalSection
EndGlobal
