
Microsoft Visual Studio Solution File, Format Version 12.00
# Visual Studio Version 16
VisualStudioVersion = 16.0.29613.14
MinimumVisualStudioVersion = 10.0.40219.1
Project("{8BC9CEB8-8B4A-11D0-8D11-00A0C91BC942}") = "CPlusGrundKurs.Chapter01Bis05", "ConsoleApp\ConsoleApplication1.vcxproj", "{E82D7129-8D09-44E6-AA26-BEE67BCECCEF}"
EndProject
Project("{8BC9CEB8-8B4A-11D0-8D11-00A0C91BC942}") = "CPlusPlusFundamentals.Chapter01", "CPlusPlusFundamentals.Chapter01\CPlusPlusFundamentals.Chapter01.vcxproj", "{1A324747-CE8A-49A8-98C4-3C2C92E46023}"
EndProject
Project("{8BC9CEB8-8B4A-11D0-8D11-00A0C91BC942}") = "CPlusPlusFundamentals.Chapter5", "CPlusPlusFundamentals.Chapter5\CPlusPlusFundamentals.Chapter5.vcxproj", "{DEBC5849-79BF-4F1D-956D-7B3059D61D45}"
EndProject
Project("{8BC9CEB8-8B4A-11D0-8D11-00A0C91BC942}") = "CPlusPlusFundamentals.Chapter6", "CPlusPlusFundamentals.Chapter6\CPlusPlusFundamentals.Chapter6.vcxproj", "{3B7315DB-7328-466D-B687-84CE31A06B48}"
EndProject
Project("{8BC9CEB8-8B4A-11D0-8D11-00A0C91BC942}") = "CPlusPlusFundamentals.Chapter7", "CPlusPlusFundamentals.Chapter7\CPlusPlusFundamentals.Chapter7.vcxproj", "{CBB2F99E-756E-4C61-A3DC-EFFF5609A90B}"
EndProject
Project("{8BC9CEB8-8B4A-11D0-8D11-00A0C91BC942}") = "CPlusPlusFundamentals.Chapter8", "CPlusPlusFundamentals.Chapter8\CPlusPlusFundamentals.Chapter8.vcxproj", "{FB00FE84-57A8-415A-970D-36DF0FD5A825}"
EndProject
Project("{8BC9CEB8-8B4A-11D0-8D11-00A0C91BC942}") = "CPlusPlusFundamentals.Chapter9", "CPlusPlusFundamentals.Chapter9\CPlusPlusFundamentals.Chapter9.vcxproj", "{DED5A8A4-7C53-4AFB-8972-CB75FDDDB00B}"
EndProject
Project("{8BC9CEB8-8B4A-11D0-8D11-00A0C91BC942}") = "CPlusPlus17GetttingStartedSection01", "CPlusPlus17GetttingStarted\CPlusPlus17GetttingStarted.vcxproj", "{4AC290A6-92D5-47DB-95F2-02497241B981}"
EndProject
Project("{8BC9CEB8-8B4A-11D0-8D11-00A0C91BC942}") = "CPlusPlus17GetttingStartedSection02", "CPlusPlus17GetttingStartedSection02\CPlusPlus17GetttingStartedSection02.vcxproj", "{18CA63AC-3E96-41D1-84AB-94D0E95FB771}"
EndProject
Global
	GlobalSection(SolutionConfigurationPlatforms) = preSolution
		Debug|x64 = Debug|x64
		Debug|x86 = Debug|x86
		Release|x64 = Release|x64
		Release|x86 = Release|x86
	EndGlobalSection
	GlobalSection(ProjectConfigurationPlatforms) = postSolution
		{E82D7129-8D09-44E6-AA26-BEE67BCECCEF}.Debug|x64.ActiveCfg = Debug|x64
		{E82D7129-8D09-44E6-AA26-BEE67BCECCEF}.Debug|x64.Build.0 = Debug|x64
		{E82D7129-8D09-44E6-AA26-BEE67BCECCEF}.Debug|x86.ActiveCfg = Debug|Win32
		{E82D7129-8D09-44E6-AA26-BEE67BCECCEF}.Debug|x86.Build.0 = Debug|Win32
		{E82D7129-8D09-44E6-AA26-BEE67BCECCEF}.Release|x64.ActiveCfg = Release|x64
		{E82D7129-8D09-44E6-AA26-BEE67BCECCEF}.Release|x64.Build.0 = Release|x64
		{E82D7129-8D09-44E6-AA26-BEE67BCECCEF}.Release|x86.ActiveCfg = Release|Win32
		{E82D7129-8D09-44E6-AA26-BEE67BCECCEF}.Release|x86.Build.0 = Release|Win32
		{1A324747-CE8A-49A8-98C4-3C2C92E46023}.Debug|x64.ActiveCfg = Debug|x64
		{1A324747-CE8A-49A8-98C4-3C2C92E46023}.Debug|x64.Build.0 = Debug|x64
		{1A324747-CE8A-49A8-98C4-3C2C92E46023}.Debug|x86.ActiveCfg = Debug|Win32
		{1A324747-CE8A-49A8-98C4-3C2C92E46023}.Debug|x86.Build.0 = Debug|Win32
		{1A324747-CE8A-49A8-98C4-3C2C92E46023}.Release|x64.ActiveCfg = Release|x64
		{1A324747-CE8A-49A8-98C4-3C2C92E46023}.Release|x64.Build.0 = Release|x64
		{1A324747-CE8A-49A8-98C4-3C2C92E46023}.Release|x86.ActiveCfg = Release|Win32
		{1A324747-CE8A-49A8-98C4-3C2C92E46023}.Release|x86.Build.0 = Release|Win32
		{DEBC5849-79BF-4F1D-956D-7B3059D61D45}.Debug|x64.ActiveCfg = Debug|x64
		{DEBC5849-79BF-4F1D-956D-7B3059D61D45}.Debug|x64.Build.0 = Debug|x64
		{DEBC5849-79BF-4F1D-956D-7B3059D61D45}.Debug|x86.ActiveCfg = Debug|Win32
		{DEBC5849-79BF-4F1D-956D-7B3059D61D45}.Debug|x86.Build.0 = Debug|Win32
		{DEBC5849-79BF-4F1D-956D-7B3059D61D45}.Release|x64.ActiveCfg = Release|x64
		{DEBC5849-79BF-4F1D-956D-7B3059D61D45}.Release|x64.Build.0 = Release|x64
		{DEBC5849-79BF-4F1D-956D-7B3059D61D45}.Release|x86.ActiveCfg = Release|Win32
		{DEBC5849-79BF-4F1D-956D-7B3059D61D45}.Release|x86.Build.0 = Release|Win32
		{3B7315DB-7328-466D-B687-84CE31A06B48}.Debug|x64.ActiveCfg = Debug|x64
		{3B7315DB-7328-466D-B687-84CE31A06B48}.Debug|x64.Build.0 = Debug|x64
		{3B7315DB-7328-466D-B687-84CE31A06B48}.Debug|x86.ActiveCfg = Debug|Win32
		{3B7315DB-7328-466D-B687-84CE31A06B48}.Debug|x86.Build.0 = Debug|Win32
		{3B7315DB-7328-466D-B687-84CE31A06B48}.Release|x64.ActiveCfg = Release|x64
		{3B7315DB-7328-466D-B687-84CE31A06B48}.Release|x64.Build.0 = Release|x64
		{3B7315DB-7328-466D-B687-84CE31A06B48}.Release|x86.ActiveCfg = Release|Win32
		{3B7315DB-7328-466D-B687-84CE31A06B48}.Release|x86.Build.0 = Release|Win32
		{CBB2F99E-756E-4C61-A3DC-EFFF5609A90B}.Debug|x64.ActiveCfg = Debug|x64
		{CBB2F99E-756E-4C61-A3DC-EFFF5609A90B}.Debug|x64.Build.0 = Debug|x64
		{CBB2F99E-756E-4C61-A3DC-EFFF5609A90B}.Debug|x86.ActiveCfg = Debug|Win32
		{CBB2F99E-756E-4C61-A3DC-EFFF5609A90B}.Debug|x86.Build.0 = Debug|Win32
		{CBB2F99E-756E-4C61-A3DC-EFFF5609A90B}.Release|x64.ActiveCfg = Release|x64
		{CBB2F99E-756E-4C61-A3DC-EFFF5609A90B}.Release|x64.Build.0 = Release|x64
		{CBB2F99E-756E-4C61-A3DC-EFFF5609A90B}.Release|x86.ActiveCfg = Release|Win32
		{CBB2F99E-756E-4C61-A3DC-EFFF5609A90B}.Release|x86.Build.0 = Release|Win32
		{FB00FE84-57A8-415A-970D-36DF0FD5A825}.Debug|x64.ActiveCfg = Debug|x64
		{FB00FE84-57A8-415A-970D-36DF0FD5A825}.Debug|x64.Build.0 = Debug|x64
		{FB00FE84-57A8-415A-970D-36DF0FD5A825}.Debug|x86.ActiveCfg = Debug|Win32
		{FB00FE84-57A8-415A-970D-36DF0FD5A825}.Debug|x86.Build.0 = Debug|Win32
		{FB00FE84-57A8-415A-970D-36DF0FD5A825}.Release|x64.ActiveCfg = Release|x64
		{FB00FE84-57A8-415A-970D-36DF0FD5A825}.Release|x64.Build.0 = Release|x64
		{FB00FE84-57A8-415A-970D-36DF0FD5A825}.Release|x86.ActiveCfg = Release|Win32
		{FB00FE84-57A8-415A-970D-36DF0FD5A825}.Release|x86.Build.0 = Release|Win32
		{DED5A8A4-7C53-4AFB-8972-CB75FDDDB00B}.Debug|x64.ActiveCfg = Debug|x64
		{DED5A8A4-7C53-4AFB-8972-CB75FDDDB00B}.Debug|x64.Build.0 = Debug|x64
		{DED5A8A4-7C53-4AFB-8972-CB75FDDDB00B}.Debug|x86.ActiveCfg = Debug|Win32
		{DED5A8A4-7C53-4AFB-8972-CB75FDDDB00B}.Debug|x86.Build.0 = Debug|Win32
		{DED5A8A4-7C53-4AFB-8972-CB75FDDDB00B}.Release|x64.ActiveCfg = Release|x64
		{DED5A8A4-7C53-4AFB-8972-CB75FDDDB00B}.Release|x64.Build.0 = Release|x64
		{DED5A8A4-7C53-4AFB-8972-CB75FDDDB00B}.Release|x86.ActiveCfg = Release|Win32
		{DED5A8A4-7C53-4AFB-8972-CB75FDDDB00B}.Release|x86.Build.0 = Release|Win32
		{4AC290A6-92D5-47DB-95F2-02497241B981}.Debug|x64.ActiveCfg = Debug|x64
		{4AC290A6-92D5-47DB-95F2-02497241B981}.Debug|x64.Build.0 = Debug|x64
		{4AC290A6-92D5-47DB-95F2-02497241B981}.Debug|x86.ActiveCfg = Debug|Win32
		{4AC290A6-92D5-47DB-95F2-02497241B981}.Debug|x86.Build.0 = Debug|Win32
		{4AC290A6-92D5-47DB-95F2-02497241B981}.Release|x64.ActiveCfg = Release|x64
		{4AC290A6-92D5-47DB-95F2-02497241B981}.Release|x64.Build.0 = Release|x64
		{4AC290A6-92D5-47DB-95F2-02497241B981}.Release|x86.ActiveCfg = Release|Win32
		{4AC290A6-92D5-47DB-95F2-02497241B981}.Release|x86.Build.0 = Release|Win32
		{18CA63AC-3E96-41D1-84AB-94D0E95FB771}.Debug|x64.ActiveCfg = Debug|x64
		{18CA63AC-3E96-41D1-84AB-94D0E95FB771}.Debug|x64.Build.0 = Debug|x64
		{18CA63AC-3E96-41D1-84AB-94D0E95FB771}.Debug|x86.ActiveCfg = Debug|Win32
		{18CA63AC-3E96-41D1-84AB-94D0E95FB771}.Debug|x86.Build.0 = Debug|Win32
		{18CA63AC-3E96-41D1-84AB-94D0E95FB771}.Release|x64.ActiveCfg = Release|x64
		{18CA63AC-3E96-41D1-84AB-94D0E95FB771}.Release|x64.Build.0 = Release|x64
		{18CA63AC-3E96-41D1-84AB-94D0E95FB771}.Release|x86.ActiveCfg = Release|Win32
		{18CA63AC-3E96-41D1-84AB-94D0E95FB771}.Release|x86.Build.0 = Release|Win32
	EndGlobalSection
	GlobalSection(SolutionProperties) = preSolution
		HideSolutionNode = FALSE
	EndGlobalSection
	GlobalSection(ExtensibilityGlobals) = postSolution
		SolutionGuid = {73812026-C741-44CE-ACFB-2E871D94CD80}
	EndGlobalSection
EndGlobal
