
Microsoft Visual Studio Solution File, Format Version 12.00
# Visual Studio Version 16
VisualStudioVersion = 16.0.29613.14
MinimumVisualStudioVersion = 10.0.40219.1
Project("{8BC9CEB8-8B4A-11D0-8D11-00A0C91BC942}") = "kap29Spezielles_lst101-29friend", "Chapter18\Chapter18.vcxproj", "{AA14279B-6BF7-42C2-9CA8-A245DC5F5364}"
EndProject
Project("{8BC9CEB8-8B4A-11D0-8D11-00A0C91BC942}") = "kap29Spezielles_lst102-29tree", "kap29Spezielles_lst102-29tree\kap29Spezielles_lst102-29tree.vcxproj", "{0BA8CA81-2B49-455C-9EE6-67233DA2250C}"
EndProject
Project("{8BC9CEB8-8B4A-11D0-8D11-00A0C91BC942}") = "kap29Spezielles_lst103-29inheritProtected", "kap29Spezielles_lst103-29inheritProtected\kap29Spezielles_lst103-29inheritProtected.vcxproj", "{CAA3C237-2910-4B77-9410-F3E280BEF0E3}"
EndProject
Project("{8BC9CEB8-8B4A-11D0-8D11-00A0C91BC942}") = "kap29Spezielles_lst104-29inheritProtectedMain", "kap29Spezielles_lst104-29inheritProtectedMain\kap29Spezielles_lst104-29inheritProtectedMain.vcxproj", "{83FEC2F7-2C18-42FE-A482-EB6E14588A9B}"
EndProject
Global
	GlobalSection(SolutionConfigurationPlatforms) = preSolution
		Debug|x64 = Debug|x64
		Debug|x86 = Debug|x86
		Release|x64 = Release|x64
		Release|x86 = Release|x86
	EndGlobalSection
	GlobalSection(ProjectConfigurationPlatforms) = postSolution
		{AA14279B-6BF7-42C2-9CA8-A245DC5F5364}.Debug|x64.ActiveCfg = Debug|x64
		{AA14279B-6BF7-42C2-9CA8-A245DC5F5364}.Debug|x64.Build.0 = Debug|x64
		{AA14279B-6BF7-42C2-9CA8-A245DC5F5364}.Debug|x86.ActiveCfg = Debug|Win32
		{AA14279B-6BF7-42C2-9CA8-A245DC5F5364}.Debug|x86.Build.0 = Debug|Win32
		{AA14279B-6BF7-42C2-9CA8-A245DC5F5364}.Release|x64.ActiveCfg = Release|x64
		{AA14279B-6BF7-42C2-9CA8-A245DC5F5364}.Release|x64.Build.0 = Release|x64
		{AA14279B-6BF7-42C2-9CA8-A245DC5F5364}.Release|x86.ActiveCfg = Release|Win32
		{AA14279B-6BF7-42C2-9CA8-A245DC5F5364}.Release|x86.Build.0 = Release|Win32
		{0BA8CA81-2B49-455C-9EE6-67233DA2250C}.Debug|x64.ActiveCfg = Debug|x64
		{0BA8CA81-2B49-455C-9EE6-67233DA2250C}.Debug|x64.Build.0 = Debug|x64
		{0BA8CA81-2B49-455C-9EE6-67233DA2250C}.Debug|x86.ActiveCfg = Debug|Win32
		{0BA8CA81-2B49-455C-9EE6-67233DA2250C}.Debug|x86.Build.0 = Debug|Win32
		{0BA8CA81-2B49-455C-9EE6-67233DA2250C}.Release|x64.ActiveCfg = Release|x64
		{0BA8CA81-2B49-455C-9EE6-67233DA2250C}.Release|x64.Build.0 = Release|x64
		{0BA8CA81-2B49-455C-9EE6-67233DA2250C}.Release|x86.ActiveCfg = Release|Win32
		{0BA8CA81-2B49-455C-9EE6-67233DA2250C}.Release|x86.Build.0 = Release|Win32
		{CAA3C237-2910-4B77-9410-F3E280BEF0E3}.Debug|x64.ActiveCfg = Debug|x64
		{CAA3C237-2910-4B77-9410-F3E280BEF0E3}.Debug|x64.Build.0 = Debug|x64
		{CAA3C237-2910-4B77-9410-F3E280BEF0E3}.Debug|x86.ActiveCfg = Debug|Win32
		{CAA3C237-2910-4B77-9410-F3E280BEF0E3}.Debug|x86.Build.0 = Debug|Win32
		{CAA3C237-2910-4B77-9410-F3E280BEF0E3}.Release|x64.ActiveCfg = Release|x64
		{CAA3C237-2910-4B77-9410-F3E280BEF0E3}.Release|x64.Build.0 = Release|x64
		{CAA3C237-2910-4B77-9410-F3E280BEF0E3}.Release|x86.ActiveCfg = Release|Win32
		{CAA3C237-2910-4B77-9410-F3E280BEF0E3}.Release|x86.Build.0 = Release|Win32
		{83FEC2F7-2C18-42FE-A482-EB6E14588A9B}.Debug|x64.ActiveCfg = Debug|x64
		{83FEC2F7-2C18-42FE-A482-EB6E14588A9B}.Debug|x64.Build.0 = Debug|x64
		{83FEC2F7-2C18-42FE-A482-EB6E14588A9B}.Debug|x86.ActiveCfg = Debug|Win32
		{83FEC2F7-2C18-42FE-A482-EB6E14588A9B}.Debug|x86.Build.0 = Debug|Win32
		{83FEC2F7-2C18-42FE-A482-EB6E14588A9B}.Release|x64.ActiveCfg = Release|x64
		{83FEC2F7-2C18-42FE-A482-EB6E14588A9B}.Release|x64.Build.0 = Release|x64
		{83FEC2F7-2C18-42FE-A482-EB6E14588A9B}.Release|x86.ActiveCfg = Release|Win32
		{83FEC2F7-2C18-42FE-A482-EB6E14588A9B}.Release|x86.Build.0 = Release|Win32
	EndGlobalSection
	GlobalSection(SolutionProperties) = preSolution
		HideSolutionNode = FALSE
	EndGlobalSection
	GlobalSection(ExtensibilityGlobals) = postSolution
		SolutionGuid = {9959CFE7-9ED0-49E2-8897-D6BA59FF6391}
	EndGlobalSection
EndGlobal
